
Microsoft Visual Studio Solution File, Format Version 12.00
# Visual Studio Version 17
VisualStudioVersion = 17.10.35013.160
MinimumVisualStudioVersion = 10.0.40219.1
Project("{FAE04EC0-301F-11D3-BF4B-00C04F79EFBC}") = "TestTask-Frontend", "TestTask-Frontend.csproj", "{3518810C-73BC-43C1-A244-98E568070769}"
EndProject
Global
	GlobalSection(SolutionConfigurationPlatforms) = preSolution
		Debug|Any CPU = Debug|Any CPU
		Release|Any CPU = Release|Any CPU
	EndGlobalSection
	GlobalSection(ProjectConfigurationPlatforms) = postSolution
		{3518810C-73BC-43C1-A244-98E568070769}.Debug|Any CPU.ActiveCfg = Debug|Any CPU
		{3518810C-73BC-43C1-A244-98E568070769}.Debug|Any CPU.Build.0 = Debug|Any CPU
		{3518810C-73BC-43C1-A244-98E568070769}.Release|Any CPU.ActiveCfg = Release|Any CPU
		{3518810C-73BC-43C1-A244-98E568070769}.Release|Any CPU.Build.0 = Release|Any CPU
	EndGlobalSection
	GlobalSection(SolutionProperties) = preSolution
		HideSolutionNode = FALSE
	EndGlobalSection
	GlobalSection(ExtensibilityGlobals) = postSolution
		SolutionGuid = {AD4F871B-F445-4EB6-AC5D-6AC3619C21A7}
	EndGlobalSection
EndGlobal
